
Microsoft Visual Studio Solution File, Format Version 12.00
# Visual Studio Version 16
VisualStudioVersion = 16.0.30804.86
MinimumVisualStudioVersion = 10.0.40219.1
Project("{9A19103F-16F7-4668-BE54-9A1E7A4F7556}") = "ServiceStub", "ServiceStub.csproj", "{C5B1F508-F489-4F93-B3DB-6B940CAF9D46}"
EndProject
Global
	GlobalSection(SolutionConfigurationPlatforms) = preSolution
		Debug|Any CPU = Debug|Any CPU
		Release|Any CPU = Release|Any CPU
	EndGlobalSection
	GlobalSection(ProjectConfigurationPlatforms) = postSolution
		{C5B1F508-F489-4F93-B3DB-6B940CAF9D46}.Debug|Any CPU.ActiveCfg = Debug|Any CPU
		{C5B1F508-F489-4F93-B3DB-6B940CAF9D46}.Debug|Any CPU.Build.0 = Debug|Any CPU
		{C5B1F508-F489-4F93-B3DB-6B940CAF9D46}.Release|Any CPU.ActiveCfg = Release|Any CPU
		{C5B1F508-F489-4F93-B3DB-6B940CAF9D46}.Release|Any CPU.Build.0 = Release|Any CPU
	EndGlobalSection
	GlobalSection(SolutionProperties) = preSolution
		HideSolutionNode = FALSE
	EndGlobalSection
	GlobalSection(ExtensibilityGlobals) = postSolution
		SolutionGuid = {D63C870E-6187-48E3-9132-A46ED8C1BBEC}
	EndGlobalSection
EndGlobal
